// !$*UTF8*$!
{
	archiveVersion = 1;
	classes = {
	};
	objectVersion = 48;
	objects = {

/* Begin PBXBuildFile section */
		5F7838C6204E60AE0012219A /* AppDelegate.swift in Sources */ = {isa = PBXBuildFile; fileRef = 5F7838C5204E60AE0012219A /* AppDelegate.swift */; };
		5F7838C8204E60AE0012219A /* ViewController.swift in Sources */ = {isa = PBXBuildFile; fileRef = 5F7838C7204E60AE0012219A /* ViewController.swift */; };
		5F7838CB204E60AE0012219A /* Main.storyboard in Resources */ = {isa = PBXBuildFile; fileRef = 5F7838C9204E60AE0012219A /* Main.storyboard */; };
		5F7838CD204E60AF0012219A /* Assets.xcassets in Resources */ = {isa = PBXBuildFile; fileRef = 5F7838CC204E60AF0012219A /* Assets.xcassets */; };
		5F7838D0204E60AF0012219A /* LaunchScreen.storyboard in Resources */ = {isa = PBXBuildFile; fileRef = 5F7838CE204E60AF0012219A /* LaunchScreen.storyboard */; };
		5F7838DB204E60AF0012219A /* GettingWarmerTests.swift in Sources */ = {isa = PBXBuildFile; fileRef = 5F7838DA204E60AF0012219A /* GettingWarmerTests.swift */; };
		5F7838E7204E6B340012219A /* MapKit.framework in Frameworks */ = {isa = PBXBuildFile; fileRef = 5F7838E6204E6B340012219A /* MapKit.framework */; };
		5F7A73EC204FA1B900824465 /* LocationManager.swift in Sources */ = {isa = PBXBuildFile; fileRef = 5F7A73EB204FA1B900824465 /* LocationManager.swift */; };
		5F7A73EE204FA1EC00824465 /* MapController.swift in Sources */ = {isa = PBXBuildFile; fileRef = 5F7A73ED204FA1EC00824465 /* MapController.swift */; };
		5F8D85462052570600DCB05B /* HomeController.framework in Frameworks */ = {isa = PBXBuildFile; fileRef = 5F8D85452052570600DCB05B /* HomeController.framework */; };
		5F8D854A20525D9300DCB05B /* HomeKit.framework in Frameworks */ = {isa = PBXBuildFile; fileRef = 5F8D854920525D9300DCB05B /* HomeKit.framework */; };
		5FD2BCA3204FC67D004564CC /* NotificationManager.swift in Sources */ = {isa = PBXBuildFile; fileRef = 5FD2BCA2204FC67D004564CC /* NotificationManager.swift */; };
		5FD388DA204E6CB3008B294F /* DistancePicker.swift in Sources */ = {isa = PBXBuildFile; fileRef = 5FD388D9204E6CB3008B294F /* DistancePicker.swift */; };
/* End PBXBuildFile section */

/* Begin PBXContainerItemProxy section */
		5F7838D7204E60AF0012219A /* PBXContainerItemProxy */ = {
			isa = PBXContainerItemProxy;
			containerPortal = 5F7838BA204E60AE0012219A /* Project object */;
			proxyType = 1;
			remoteGlobalIDString = 5F7838C1204E60AE0012219A;
			remoteInfo = GettingWarmer;
		};
/* End PBXContainerItemProxy section */

/* Begin PBXFileReference section */
		5F7838C2204E60AE0012219A /* GettingWarmer.app */ = {isa = PBXFileReference; explicitFileType = wrapper.application; includeInIndex = 0; path = GettingWarmer.app; sourceTree = BUILT_PRODUCTS_DIR; };
		5F7838C5204E60AE0012219A /* AppDelegate.swift */ = {isa = PBXFileReference; lastKnownFileType = sourcecode.swift; path = AppDelegate.swift; sourceTree = "<group>"; };
		5F7838C7204E60AE0012219A /* ViewController.swift */ = {isa = PBXFileReference; lastKnownFileType = sourcecode.swift; path = ViewController.swift; sourceTree = "<group>"; };
		5F7838CA204E60AE0012219A /* Base */ = {isa = PBXFileReference; lastKnownFileType = file.storyboard; name = Base; path = Base.lproj/Main.storyboard; sourceTree = "<group>"; };
		5F7838CC204E60AF0012219A /* Assets.xcassets */ = {isa = PBXFileReference; lastKnownFileType = folder.assetcatalog; path = Assets.xcassets; sourceTree = "<group>"; };
		5F7838CF204E60AF0012219A /* Base */ = {isa = PBXFileReference; lastKnownFileType = file.storyboard; name = Base; path = Base.lproj/LaunchScreen.storyboard; sourceTree = "<group>"; };
		5F7838D1204E60AF0012219A /* Info.plist */ = {isa = PBXFileReference; lastKnownFileType = text.plist.xml; path = Info.plist; sourceTree = "<group>"; };
		5F7838D6204E60AF0012219A /* GettingWarmerTests.xctest */ = {isa = PBXFileReference; explicitFileType = wrapper.cfbundle; includeInIndex = 0; path = GettingWarmerTests.xctest; sourceTree = BUILT_PRODUCTS_DIR; };
		5F7838DA204E60AF0012219A /* GettingWarmerTests.swift */ = {isa = PBXFileReference; lastKnownFileType = sourcecode.swift; path = GettingWarmerTests.swift; sourceTree = "<group>"; };
		5F7838DC204E60AF0012219A /* Info.plist */ = {isa = PBXFileReference; lastKnownFileType = text.plist.xml; path = Info.plist; sourceTree = "<group>"; };
		5F7838E6204E6B340012219A /* MapKit.framework */ = {isa = PBXFileReference; lastKnownFileType = wrapper.framework; name = MapKit.framework; path = System/Library/Frameworks/MapKit.framework; sourceTree = SDKROOT; };
		5F7A73EB204FA1B900824465 /* LocationManager.swift */ = {isa = PBXFileReference; lastKnownFileType = sourcecode.swift; path = LocationManager.swift; sourceTree = "<group>"; };
		5F7A73ED204FA1EC00824465 /* MapController.swift */ = {isa = PBXFileReference; lastKnownFileType = sourcecode.swift; path = MapController.swift; sourceTree = "<group>"; };
		5F8D85452052570600DCB05B /* HomeController.framework */ = {isa = PBXFileReference; lastKnownFileType = wrapper.framework; name = HomeController.framework; path = Carthage/Build/iOS/HomeController.framework; sourceTree = "<group>"; };
		5F8D854820525D9300DCB05B /* GettingWarmer.entitlements */ = {isa = PBXFileReference; lastKnownFileType = text.plist.entitlements; path = GettingWarmer.entitlements; sourceTree = "<group>"; };
		5F8D854920525D9300DCB05B /* HomeKit.framework */ = {isa = PBXFileReference; lastKnownFileType = wrapper.framework; name = HomeKit.framework; path = System/Library/Frameworks/HomeKit.framework; sourceTree = SDKROOT; };
		5FD2BCA2204FC67D004564CC /* NotificationManager.swift */ = {isa = PBXFileReference; lastKnownFileType = sourcecode.swift; path = NotificationManager.swift; sourceTree = "<group>"; };
		5FD388D9204E6CB3008B294F /* DistancePicker.swift */ = {isa = PBXFileReference; lastKnownFileType = sourcecode.swift; path = DistancePicker.swift; sourceTree = "<group>"; };
/* End PBXFileReference section */

/* Begin PBXFrameworksBuildPhase section */
		5F7838BF204E60AE0012219A /* Frameworks */ = {
			isa = PBXFrameworksBuildPhase;
			buildActionMask = 2147483647;
			files = (
				5F8D854A20525D9300DCB05B /* HomeKit.framework in Frameworks */,
				5F7838E7204E6B340012219A /* MapKit.framework in Frameworks */,
				5F8D85462052570600DCB05B /* HomeController.framework in Frameworks */,
			);
			runOnlyForDeploymentPostprocessing = 0;
		};
		5F7838D3204E60AF0012219A /* Frameworks */ = {
			isa = PBXFrameworksBuildPhase;
			buildActionMask = 2147483647;
			files = (
			);
			runOnlyForDeploymentPostprocessing = 0;
		};
/* End PBXFrameworksBuildPhase section */

/* Begin PBXGroup section */
		5F7838B9204E60AE0012219A = {
			isa = PBXGroup;
			children = (
				5F7838C4204E60AE0012219A /* GettingWarmer */,
				5F7838D9204E60AF0012219A /* GettingWarmerTests */,
				5F7838C3204E60AE0012219A /* Products */,
				5F7838E5204E6B340012219A /* Frameworks */,
			);
			sourceTree = "<group>";
		};
		5F7838C3204E60AE0012219A /* Products */ = {
			isa = PBXGroup;
			children = (
				5F7838C2204E60AE0012219A /* GettingWarmer.app */,
				5F7838D6204E60AF0012219A /* GettingWarmerTests.xctest */,
			);
			name = Products;
			sourceTree = "<group>";
		};
		5F7838C4204E60AE0012219A /* GettingWarmer */ = {
			isa = PBXGroup;
			children = (
				5F8D854820525D9300DCB05B /* GettingWarmer.entitlements */,
				5F7A73ED204FA1EC00824465 /* MapController.swift */,
				5F7A73EB204FA1B900824465 /* LocationManager.swift */,
				5F7838C5204E60AE0012219A /* AppDelegate.swift */,
				5F7838C7204E60AE0012219A /* ViewController.swift */,
				5F7838C9204E60AE0012219A /* Main.storyboard */,
				5F7838CC204E60AF0012219A /* Assets.xcassets */,
				5F7838CE204E60AF0012219A /* LaunchScreen.storyboard */,
				5F7838D1204E60AF0012219A /* Info.plist */,
				5FD388D9204E6CB3008B294F /* DistancePicker.swift */,
				5FD2BCA2204FC67D004564CC /* NotificationManager.swift */,
			);
			path = GettingWarmer;
			sourceTree = "<group>";
		};
		5F7838D9204E60AF0012219A /* GettingWarmerTests */ = {
			isa = PBXGroup;
			children = (
				5F7838DA204E60AF0012219A /* GettingWarmerTests.swift */,
				5F7838DC204E60AF0012219A /* Info.plist */,
			);
			path = GettingWarmerTests;
			sourceTree = "<group>";
		};
		5F7838E5204E6B340012219A /* Frameworks */ = {
			isa = PBXGroup;
			children = (
				5F8D854920525D9300DCB05B /* HomeKit.framework */,
				5F8D85452052570600DCB05B /* HomeController.framework */,
				5F7838E6204E6B340012219A /* MapKit.framework */,
			);
			name = Frameworks;
			sourceTree = "<group>";
		};
/* End PBXGroup section */

/* Begin PBXNativeTarget section */
		5F7838C1204E60AE0012219A /* GettingWarmer */ = {
			isa = PBXNativeTarget;
			buildConfigurationList = 5F7838DF204E60AF0012219A /* Build configuration list for PBXNativeTarget "GettingWarmer" */;
			buildPhases = (
				5F7838BE204E60AE0012219A /* Sources */,
				5F7838BF204E60AE0012219A /* Frameworks */,
				5F7838C0204E60AE0012219A /* Resources */,
				5F8D85472052571D00DCB05B /* ShellScript */,
			);
			buildRules = (
			);
			dependencies = (
			);
			name = GettingWarmer;
			productName = GettingWarmer;
			productReference = 5F7838C2204E60AE0012219A /* GettingWarmer.app */;
			productType = "com.apple.product-type.application";
		};
		5F7838D5204E60AF0012219A /* GettingWarmerTests */ = {
			isa = PBXNativeTarget;
			buildConfigurationList = 5F7838E2204E60AF0012219A /* Build configuration list for PBXNativeTarget "GettingWarmerTests" */;
			buildPhases = (
				5F7838D2204E60AF0012219A /* Sources */,
				5F7838D3204E60AF0012219A /* Frameworks */,
				5F7838D4204E60AF0012219A /* Resources */,
			);
			buildRules = (
			);
			dependencies = (
				5F7838D8204E60AF0012219A /* PBXTargetDependency */,
			);
			name = GettingWarmerTests;
			productName = GettingWarmerTests;
			productReference = 5F7838D6204E60AF0012219A /* GettingWarmerTests.xctest */;
			productType = "com.apple.product-type.bundle.unit-test";
		};
/* End PBXNativeTarget section */

/* Begin PBXProject section */
		5F7838BA204E60AE0012219A /* Project object */ = {
			isa = PBXProject;
			attributes = {
				LastSwiftUpdateCheck = 0920;
				LastUpgradeCheck = 0920;
				ORGANIZATIONNAME = Thumbworks;
				TargetAttributes = {
					5F7838C1204E60AE0012219A = {
						CreatedOnToolsVersion = 9.2;
						ProvisioningStyle = Automatic;
						SystemCapabilities = {
							com.apple.HomeKit = {
								enabled = 1;
							};
							com.apple.Maps.iOS = {
								enabled = 1;
							};
						};
					};
					5F7838D5204E60AF0012219A = {
						CreatedOnToolsVersion = 9.2;
						ProvisioningStyle = Automatic;
						TestTargetID = 5F7838C1204E60AE0012219A;
					};
				};
			};
			buildConfigurationList = 5F7838BD204E60AE0012219A /* Build configuration list for PBXProject "GettingWarmer" */;
			compatibilityVersion = "Xcode 8.0";
			developmentRegion = en;
			hasScannedForEncodings = 0;
			knownRegions = (
				en,
				Base,
			);
			mainGroup = 5F7838B9204E60AE0012219A;
			productRefGroup = 5F7838C3204E60AE0012219A /* Products */;
			projectDirPath = "";
			projectRoot = "";
			targets = (
				5F7838C1204E60AE0012219A /* GettingWarmer */,
				5F7838D5204E60AF0012219A /* GettingWarmerTests */,
			);
		};
/* End PBXProject section */

/* Begin PBXResourcesBuildPhase section */
		5F7838C0204E60AE0012219A /* Resources */ = {
			isa = PBXResourcesBuildPhase;
			buildActionMask = 2147483647;
			files = (
				5F7838D0204E60AF0012219A /* LaunchScreen.storyboard in Resources */,
				5F7838CD204E60AF0012219A /* Assets.xcassets in Resources */,
				5F7838CB204E60AE0012219A /* Main.storyboard in Resources */,
			);
			runOnlyForDeploymentPostprocessing = 0;
		};
		5F7838D4204E60AF0012219A /* Resources */ = {
			isa = PBXResourcesBuildPhase;
			buildActionMask = 2147483647;
			files = (
			);
			runOnlyForDeploymentPostprocessing = 0;
		};
/* End PBXResourcesBuildPhase section */

/* Begin PBXShellScriptBuildPhase section */
		5F8D85472052571D00DCB05B /* ShellScript */ = {
			isa = PBXShellScriptBuildPhase;
			buildActionMask = 2147483647;
			files = (
			);
			inputPaths = (
				"$(SRCROOT)/Carthage/Build/iOS/HomeController.framework",
			);
			outputPaths = (
				"$(BUILT_PRODUCTS_DIR)/$(FRAMEWORKS_FOLDER_PATH)/HomeController.framework",
			);
			runOnlyForDeploymentPostprocessing = 0;
			shellPath = /bin/sh;
			shellScript = "/usr/local/bin/carthage copy-frameworks";
		};
/* End PBXShellScriptBuildPhase section */

/* Begin PBXSourcesBuildPhase section */
		5F7838BE204E60AE0012219A /* Sources */ = {
			isa = PBXSourcesBuildPhase;
			buildActionMask = 2147483647;
			files = (
				5FD2BCA3204FC67D004564CC /* NotificationManager.swift in Sources */,
				5F7A73EC204FA1B900824465 /* LocationManager.swift in Sources */,
				5FD388DA204E6CB3008B294F /* DistancePicker.swift in Sources */,
				5F7838C8204E60AE0012219A /* ViewController.swift in Sources */,
				5F7A73EE204FA1EC00824465 /* MapController.swift in Sources */,
				5F7838C6204E60AE0012219A /* AppDelegate.swift in Sources */,
			);
			runOnlyForDeploymentPostprocessing = 0;
		};
		5F7838D2204E60AF0012219A /* Sources */ = {
			isa = PBXSourcesBuildPhase;
			buildActionMask = 2147483647;
			files = (
				5F7838DB204E60AF0012219A /* GettingWarmerTests.swift in Sources */,
			);
			runOnlyForDeploymentPostprocessing = 0;
		};
/* End PBXSourcesBuildPhase section */

/* Begin PBXTargetDependency section */
		5F7838D8204E60AF0012219A /* PBXTargetDependency */ = {
			isa = PBXTargetDependency;
			target = 5F7838C1204E60AE0012219A /* GettingWarmer */;
			targetProxy = 5F7838D7204E60AF0012219A /* PBXContainerItemProxy */;
		};
/* End PBXTargetDependency section */

/* Begin PBXVariantGroup section */
		5F7838C9204E60AE0012219A /* Main.storyboard */ = {
			isa = PBXVariantGroup;
			children = (
				5F7838CA204E60AE0012219A /* Base */,
			);
			name = Main.storyboard;
			sourceTree = "<group>";
		};
		5F7838CE204E60AF0012219A /* LaunchScreen.storyboard */ = {
			isa = PBXVariantGroup;
			children = (
				5F7838CF204E60AF0012219A /* Base */,
			);
			name = LaunchScreen.storyboard;
			sourceTree = "<group>";
		};
/* End PBXVariantGroup section */

/* Begin XCBuildConfiguration section */
		5F7838DD204E60AF0012219A /* Debug */ = {
			isa = XCBuildConfiguration;
			buildSettings = {
				ALWAYS_SEARCH_USER_PATHS = NO;
				CLANG_ANALYZER_NONNULL = YES;
				CLANG_ANALYZER_NUMBER_OBJECT_CONVERSION = YES_AGGRESSIVE;
				CLANG_CXX_LANGUAGE_STANDARD = "gnu++14";
				CLANG_CXX_LIBRARY = "libc++";
				CLANG_ENABLE_MODULES = YES;
				CLANG_ENABLE_OBJC_ARC = YES;
				CLANG_WARN_BLOCK_CAPTURE_AUTORELEASING = YES;
				CLANG_WARN_BOOL_CONVERSION = YES;
				CLANG_WARN_COMMA = YES;
				CLANG_WARN_CONSTANT_CONVERSION = YES;
				CLANG_WARN_DIRECT_OBJC_ISA_USAGE = YES_ERROR;
				CLANG_WARN_DOCUMENTATION_COMMENTS = YES;
				CLANG_WARN_EMPTY_BODY = YES;
				CLANG_WARN_ENUM_CONVERSION = YES;
				CLANG_WARN_INFINITE_RECURSION = YES;
				CLANG_WARN_INT_CONVERSION = YES;
				CLANG_WARN_NON_LITERAL_NULL_CONVERSION = YES;
				CLANG_WARN_OBJC_LITERAL_CONVERSION = YES;
				CLANG_WARN_OBJC_ROOT_CLASS = YES_ERROR;
				CLANG_WARN_RANGE_LOOP_ANALYSIS = YES;
				CLANG_WARN_STRICT_PROTOTYPES = YES;
				CLANG_WARN_SUSPICIOUS_MOVE = YES;
				CLANG_WARN_UNGUARDED_AVAILABILITY = YES_AGGRESSIVE;
				CLANG_WARN_UNREACHABLE_CODE = YES;
				CLANG_WARN__DUPLICATE_METHOD_MATCH = YES;
				CODE_SIGN_IDENTITY = "iPhone Developer";
				COPY_PHASE_STRIP = NO;
				DEBUG_INFORMATION_FORMAT = dwarf;
				ENABLE_STRICT_OBJC_MSGSEND = YES;
				ENABLE_TESTABILITY = YES;
				GCC_C_LANGUAGE_STANDARD = gnu11;
				GCC_DYNAMIC_NO_PIC = NO;
				GCC_NO_COMMON_BLOCKS = YES;
				GCC_OPTIMIZATION_LEVEL = 0;
				GCC_PREPROCESSOR_DEFINITIONS = (
					"DEBUG=1",
					"$(inherited)",
				);
				GCC_WARN_64_TO_32_BIT_CONVERSION = YES;
				GCC_WARN_ABOUT_RETURN_TYPE = YES_ERROR;
				GCC_WARN_UNDECLARED_SELECTOR = YES;
				GCC_WARN_UNINITIALIZED_AUTOS = YES_AGGRESSIVE;
				GCC_WARN_UNUSED_FUNCTION = YES;
				GCC_WARN_UNUSED_VARIABLE = YES;
				IPHONEOS_DEPLOYMENT_TARGET = 11.2;
				MTL_ENABLE_DEBUG_INFO = YES;
				ONLY_ACTIVE_ARCH = YES;
				SDKROOT = iphoneos;
				SWIFT_ACTIVE_COMPILATION_CONDITIONS = DEBUG;
				SWIFT_OPTIMIZATION_LEVEL = "-Onone";
			};
			name = Debug;
		};
		5F7838DE204E60AF0012219A /* Release */ = {
			isa = XCBuildConfiguration;
			buildSettings = {
				ALWAYS_SEARCH_USER_PATHS = NO;
				CLANG_ANALYZER_NONNULL = YES;
				CLANG_ANALYZER_NUMBER_OBJECT_CONVERSION = YES_AGGRESSIVE;
				CLANG_CXX_LANGUAGE_STANDARD = "gnu++14";
				CLANG_CXX_LIBRARY = "libc++";
				CLANG_ENABLE_MODULES = YES;
				CLANG_ENABLE_OBJC_ARC = YES;
				CLANG_WARN_BLOCK_CAPTURE_AUTORELEASING = YES;
				CLANG_WARN_BOOL_CONVERSION = YES;
				CLANG_WARN_COMMA = YES;
				CLANG_WARN_CONSTANT_CONVERSION = YES;
				CLANG_WARN_DIRECT_OBJC_ISA_USAGE = YES_ERROR;
				CLANG_WARN_DOCUMENTATION_COMMENTS = YES;
				CLANG_WARN_EMPTY_BODY = YES;
				CLANG_WARN_ENUM_CONVERSION = YES;
				CLANG_WARN_INFINITE_RECURSION = YES;
				CLANG_WARN_INT_CONVERSION = YES;
				CLANG_WARN_NON_LITERAL_NULL_CONVERSION = YES;
				CLANG_WARN_OBJC_LITERAL_CONVERSION = YES;
				CLANG_WARN_OBJC_ROOT_CLASS = YES_ERROR;
				CLANG_WARN_RANGE_LOOP_ANALYSIS = YES;
				CLANG_WARN_STRICT_PROTOTYPES = YES;
				CLANG_WARN_SUSPICIOUS_MOVE = YES;
				CLANG_WARN_UNGUARDED_AVAILABILITY = YES_AGGRESSIVE;
				CLANG_WARN_UNREACHABLE_CODE = YES;
				CLANG_WARN__DUPLICATE_METHOD_MATCH = YES;
				CODE_SIGN_IDENTITY = "iPhone Developer";
				COPY_PHASE_STRIP = NO;
				DEBUG_INFORMATION_FORMAT = "dwarf-with-dsym";
				ENABLE_NS_ASSERTIONS = NO;
				ENABLE_STRICT_OBJC_MSGSEND = YES;
				GCC_C_LANGUAGE_STANDARD = gnu11;
				GCC_NO_COMMON_BLOCKS = YES;
				GCC_WARN_64_TO_32_BIT_CONVERSION = YES;
				GCC_WARN_ABOUT_RETURN_TYPE = YES_ERROR;
				GCC_WARN_UNDECLARED_SELECTOR = YES;
				GCC_WARN_UNINITIALIZED_AUTOS = YES_AGGRESSIVE;
				GCC_WARN_UNUSED_FUNCTION = YES;
				GCC_WARN_UNUSED_VARIABLE = YES;
				IPHONEOS_DEPLOYMENT_TARGET = 11.2;
				MTL_ENABLE_DEBUG_INFO = NO;
				SDKROOT = iphoneos;
				SWIFT_OPTIMIZATION_LEVEL = "-Owholemodule";
				VALIDATE_PRODUCT = YES;
			};
			name = Release;
		};
		5F7838E0204E60AF0012219A /* Debug */ = {
			isa = XCBuildConfiguration;
			buildSettings = {
				ASSETCATALOG_COMPILER_APPICON_NAME = AppIcon;
				CODE_SIGN_ENTITLEMENTS = GettingWarmer/GettingWarmer.entitlements;
				CODE_SIGN_STYLE = Automatic;
				DEVELOPMENT_TEAM = F4WTN36U2F;
				FRAMEWORK_SEARCH_PATHS = (
					"$(inherited)",
					"$(PROJECT_DIR)/Carthage/Build/iOS",
				);
				INFOPLIST_FILE = GettingWarmer/Info.plist;
				LD_RUNPATH_SEARCH_PATHS = "$(inherited) @executable_path/Frameworks";
				PRODUCT_BUNDLE_IDENTIFIER = io.thumbworks.GettingWarmer;
				PRODUCT_NAME = "$(TARGET_NAME)";
				SWIFT_VERSION = 4.0;
				TARGETED_DEVICE_FAMILY = "1,2";
			};
			name = Debug;
		};
		5F7838E1204E60AF0012219A /* Release */ = {
			isa = XCBuildConfiguration;
			buildSettings = {
				ASSETCATALOG_COMPILER_APPICON_NAME = AppIcon;
				CODE_SIGN_ENTITLEMENTS = GettingWarmer/GettingWarmer.entitlements;
				CODE_SIGN_STYLE = Automatic;
				DEVELOPMENT_TEAM = F4WTN36U2F;
				FRAMEWORK_SEARCH_PATHS = (
					"$(inherited)",
					"$(PROJECT_DIR)/Carthage/Build/iOS",
				);
				INFOPLIST_FILE = GettingWarmer/Info.plist;
				LD_RUNPATH_SEARCH_PATHS = "$(inherited) @executable_path/Frameworks";
				PRODUCT_BUNDLE_IDENTIFIER = io.thumbworks.GettingWarmer;
				PRODUCT_NAME = "$(TARGET_NAME)";
				SWIFT_VERSION = 4.0;
				TARGETED_DEVICE_FAMILY = "1,2";
			};
			name = Release;
		};
		5F7838E3204E60AF0012219A /* Debug */ = {
			isa = XCBuildConfiguration;
			buildSettings = {
				ALWAYS_EMBED_SWIFT_STANDARD_LIBRARIES = YES;
				BUNDLE_LOADER = "$(TEST_HOST)";
				CODE_SIGN_STYLE = Automatic;
				DEVELOPMENT_TEAM = F4WTN36U2F;
				INFOPLIST_FILE = GettingWarmerTests/Info.plist;
				LD_RUNPATH_SEARCH_PATHS = "$(inherited) @executable_path/Frameworks @loader_path/Frameworks";
				PRODUCT_BUNDLE_IDENTIFIER = io.thumbworks.GettingWarmerTests;
				PRODUCT_NAME = "$(TARGET_NAME)";
				SWIFT_VERSION = 4.0;
				TARGETED_DEVICE_FAMILY = "1,2";
				TEST_HOST = "$(BUILT_PRODUCTS_DIR)/GettingWarmer.app/GettingWarmer";
			};
			name = Debug;
		};
		5F7838E4204E60AF0012219A /* Release */ = {
			isa = XCBuildConfiguration;
			buildSettings = {
				ALWAYS_EMBED_SWIFT_STANDARD_LIBRARIES = YES;
				BUNDLE_LOADER = "$(TEST_HOST)";
				CODE_SIGN_STYLE = Automatic;
				DEVELOPMENT_TEAM = F4WTN36U2F;
				INFOPLIST_FILE = GettingWarmerTests/Info.plist;
				LD_RUNPATH_SEARCH_PATHS = "$(inherited) @executable_path/Frameworks @loader_path/Frameworks";
				PRODUCT_BUNDLE_IDENTIFIER = io.thumbworks.GettingWarmerTests;
				PRODUCT_NAME = "$(TARGET_NAME)";
				SWIFT_VERSION = 4.0;
				TARGETED_DEVICE_FAMILY = "1,2";
				TEST_HOST = "$(BUILT_PRODUCTS_DIR)/GettingWarmer.app/GettingWarmer";
			};
			name = Release;
		};
/* End XCBuildConfiguration section */

/* Begin XCConfigurationList section */
		5F7838BD204E60AE0012219A /* Build configuration list for PBXProject "GettingWarmer" */ = {
			isa = XCConfigurationList;
			buildConfigurations = (
				5F7838DD204E60AF0012219A /* Debug */,
				5F7838DE204E60AF0012219A /* Release */,
			);
			defaultConfigurationIsVisible = 0;
			defaultConfigurationName = Release;
		};
		5F7838DF204E60AF0012219A /* Build configuration list for PBXNativeTarget "GettingWarmer" */ = {
			isa = XCConfigurationList;
			buildConfigurations = (
				5F7838E0204E60AF0012219A /* Debug */,
				5F7838E1204E60AF0012219A /* Release */,
			);
			defaultConfigurationIsVisible = 0;
			defaultConfigurationName = Release;
		};
		5F7838E2204E60AF0012219A /* Build configuration list for PBXNativeTarget "GettingWarmerTests" */ = {
			isa = XCConfigurationList;
			buildConfigurations = (
				5F7838E3204E60AF0012219A /* Debug */,
				5F7838E4204E60AF0012219A /* Release */,
			);
			defaultConfigurationIsVisible = 0;
			defaultConfigurationName = Release;
		};
/* End XCConfigurationList section */
	};
	rootObject = 5F7838BA204E60AE0012219A /* Project object */;
}
